{
    "_readme": [
        "This file locks the dependencies of your project to a known state",
        "Read more about it at https://getcomposer.org/doc/01-basic-usage.md#installing-dependencies",
        "This file is @generated automatically"
    ],
    "content-hash": "afb4713971343a15e81124f3157a469f",
    "packages": [
        {
            "name": "i3elj/agmen",
            "version": "1.0.2",
            "source": {
                "type": "git",
                "url": "https://github.com/i3elj/agmen.git",
                "reference": "a5a3fe3d947ab77f2c4b524eaa548ee05696787a"
            },
            "dist": {
                "type": "zip",
                "url": "https://api.github.com/repos/i3elj/agmen/zipball/a5a3fe3d947ab77f2c4b524eaa548ee05696787a",
                "reference": "a5a3fe3d947ab77f2c4b524eaa548ee05696787a",
                "shasum": ""
            },
            "type": "library",
            "autoload": {
                "files": [
                    "init.php",
                    "src/constants.php",
                    "src/global_functions.php"
                ],
                "psr-4": {
                    "Agmen\\": "src/"
                }
            },
            "notification-url": "https://packagist.org/downloads/",
            "license": [
                "MIT"
            ],
            "authors": [
                {
                    "name": "i3elj",
                    "email": "guisande.bernardo@gmail.com"
                }
            ],
            "description": "A simple web library",
            "support": {
                "issues": "https://github.com/i3elj/agmen/issues",
                "source": "https://github.com/i3elj/agmen/tree/1.0.2"
            },
            "time": "2025-10-02T20:27:31+00:00"
        }
    ],
    "packages-dev": [],
    "aliases": [],
    "minimum-stability": "stable",
    "stability-flags": {},
    "prefer-stable": false,
    "prefer-lowest": false,
    "platform": {},
    "platform-dev": {},
    "plugin-api-version": "2.6.0"
}
